
Microsoft Visual Studio Solution File, Format Version 12.00
# Visual Studio Version 17
VisualStudioVersion = 17.1.32421.90
MinimumVisualStudioVersion = 10.0.40219.1
Project("{FAE04EC0-301F-11D3-BF4B-00C04F79EFBC}") = "seven", "seven\seven.csproj", "{58E1DBEC-E277-453C-A547-6C098E2657D7}"
EndProject
Global
	GlobalSection(SolutionConfigurationPlatforms) = preSolution
		Debug|Any CPU = Debug|Any CPU
		Release|Any CPU = Release|Any CPU
	EndGlobalSection
	GlobalSection(ProjectConfigurationPlatforms) = postSolution
		{58E1DBEC-E277-453C-A547-6C098E2657D7}.Debug|Any CPU.ActiveCfg = Debug|Any CPU
		{58E1DBEC-E277-453C-A547-6C098E2657D7}.Debug|Any CPU.Build.0 = Debug|Any CPU
		{58E1DBEC-E277-453C-A547-6C098E2657D7}.Release|Any CPU.ActiveCfg = Release|Any CPU
		{58E1DBEC-E277-453C-A547-6C098E2657D7}.Release|Any CPU.Build.0 = Release|Any CPU
	EndGlobalSection
	GlobalSection(SolutionProperties) = preSolution
		HideSolutionNode = FALSE
	EndGlobalSection
	GlobalSection(ExtensibilityGlobals) = postSolution
		SolutionGuid = {C59BCE89-0BA3-41ED-82D8-E1673CD62AE2}
	EndGlobalSection
EndGlobal
